<?xml version="1.0" encoding="utf-8"?>
<Project ToolsVersion="4.0" xmlns="http://schemas.microsoft.com/developer/msbuild/2003">
  <ItemGroup>
    <Filter Include="Resource Files">
      <UniqueIdentifier>{D9D6E242-F8AF-46E4-B9FD-80ECBC20BA3E}</UniqueIdentifier>
      <Extensions>qrc;*</Extensions>
      <ParseFiles>false</ParseFiles>
    </Filter>
    <Filter Include="Resource Files">
      <UniqueIdentifier>{D9D6E242-F8AF-46E4-B9FD-80ECBC20BA3E}</UniqueIdentifier>
      <Extensions>qrc;*</Extensions>
      <ParseFiles>false</ParseFiles>
    </Filter>
    <Filter Include="Image">
      <UniqueIdentifier>{2b1a0473-24bc-4d01-851e-522d5bfb203f}</UniqueIdentifier>
    </Filter>
    <Filter Include="Widget">
      <UniqueIdentifier>{4297bd64-cdf9-4a10-936e-5b981be19706}</UniqueIdentifier>
    </Filter>
    <Filter Include="Translation Files">
      <UniqueIdentifier>{639EADAA-A684-42e4-A9AD-28FC9BCB8F7C}</UniqueIdentifier>
      <Extensions>ts</Extensions>
      <ParseFiles>false</ParseFiles>
    </Filter>
    <Filter Include="Processor">
      <UniqueIdentifier>{4f924b1a-fefc-4fe2-8fd5-83442f5aca8f}</UniqueIdentifier>
    </Filter>
    <Filter Include="Core">
      <UniqueIdentifier>{9208e224-1091-4c46-8925-1d9aa40a9a1c}</UniqueIdentifier>
    </Filter>
    <Filter Include="Notification">
      <UniqueIdentifier>{d1bfad05-03c6-4364-aa79-e7dbee2beb29}</UniqueIdentifier>
    </Filter>
  </ItemGroup>
  <ItemGroup>
    <ClCompile Include="Image\BaseImage.cpp">
      <Filter>Image</Filter>
    </ClCompile>
    <ClCompile Include="Image\GeneralImage.cpp">
      <Filter>Image</Filter>
    </ClCompile>
    <ClCompile Include="Image\ScanImage.cpp">
      <Filter>Image</Filter>
    </ClCompile>
    <ClCompile Include="Widget\CommonWidget.cpp">
      <Filter>Widget</Filter>
    </ClCompile>
    <ClCompile Include="Widget\CurveSquare.cpp">
      <Filter>Widget</Filter>
    </ClCompile>
    <ClCompile Include="Widget\CurvesWidget.cpp">
      <Filter>Widget</Filter>
    </ClCompile>
    <ClCompile Include="Widget\HistogramWidget.cpp">
      <Filter>Widget</Filter>
    </ClCompile>
    <ClCompile Include="Widget\LevelsWidget.cpp">
      <Filter>Widget</Filter>
    </ClCompile>
    <ClCompile Include="Widget\Peg.cpp">
      <Filter>Widget</Filter>
    </ClCompile>
    <ClCompile Include="Widget\WidgetManager.cpp">
      <Filter>Widget</Filter>
    </ClCompile>
    <ClCompile Include="Widget\ToolBoxWidget.cpp">
      <Filter>Widget</Filter>
    </ClCompile>
    <ClCompile Include="Widget\DiagramItem.cpp">
      <Filter>Widget</Filter>
    </ClCompile>
    <ClCompile Include="Widget\ColorButton.cpp">
      <Filter>Widget</Filter>
    </ClCompile>
    <ClCompile Include="Widget\DiagramTextItem.cpp">
      <Filter>Widget</Filter>
    </ClCompile>
    <ClCompile Include="Widget\DiagramLineItem.cpp">
      <Filter>Widget</Filter>
    </ClCompile>
    <ClCompile Include="Image\DicomImage.cpp">
      <Filter>Image</Filter>
    </ClCompile>
    <ClCompile Include="Image\MonoImage.cpp">
      <Filter>Image</Filter>
    </ClCompile>
    <ClCompile Include="Processor\BaseProcessor.cpp">
      <Filter>Processor</Filter>
    </ClCompile>
    <ClCompile Include="Processor\CommonProcessor.cpp">
      <Filter>Processor</Filter>
    </ClCompile>
    <ClCompile Include="Processor\CurvesProcessor.cpp">
      <Filter>Processor</Filter>
    </ClCompile>
    <ClCompile Include="Processor\HistogramProcessor.cpp">
      <Filter>Processor</Filter>
    </ClCompile>
    <ClCompile Include="Processor\InverseProcessor.cpp">
      <Filter>Processor</Filter>
    </ClCompile>
    <ClCompile Include="Processor\LevelsProcessor.cpp">
      <Filter>Processor</Filter>
    </ClCompile>
    <ClCompile Include="Widget\RawParameterDialog.cpp">
      <Filter>Widget</Filter>
    </ClCompile>
    <ClCompile Include="Image\RawImage.cpp">
      <Filter>Image</Filter>
    </ClCompile>
    <ClCompile Include="Core\Document.cpp">
      <Filter>Core</Filter>
    </ClCompile>
    <ClCompile Include="Core\GlobalFunc.cpp">
      <Filter>Core</Filter>
    </ClCompile>
    <ClCompile Include="Core\GraphicsScene.cpp">
      <Filter>Core</Filter>
    </ClCompile>
    <ClCompile Include="Core\GraphicsView.cpp">
      <Filter>Core</Filter>
    </ClCompile>
    <ClCompile Include="Core\main.cpp">
      <Filter>Core</Filter>
    </ClCompile>
    <ClCompile Include="Core\mainwindow.cpp">
      <Filter>Core</Filter>
    </ClCompile>
    <ClCompile Include="Core\MouseHandler.cpp">
      <Filter>Core</Filter>
    </ClCompile>
    <ClCompile Include="Core\ToolBar.cpp">
      <Filter>Core</Filter>
    </ClCompile>
    <ClCompile Include="Core\ToolButton.cpp">
      <Filter>Core</Filter>
    </ClCompile>
    <ClCompile Include="Core\View.cpp">
      <Filter>Core</Filter>
    </ClCompile>
    <ClCompile Include="Notification\NotificationLayout.cpp">
      <Filter>Notification</Filter>
    </ClCompile>
    <ClCompile Include="Notification\NotificationWidget.cpp">
      <Filter>Notification</Filter>
    </ClCompile>
    <ClCompile Include="Widget\SettingsDialog.cpp">
      <Filter>Widget</Filter>
    </ClCompile>
    <ClCompile Include="Core\UndoSystem.cpp">
      <Filter>Core</Filter>
    </ClCompile>
  </ItemGroup>
  <ItemGroup>
    <QtMoc Include="Widget\BaseWidget.h">
      <Filter>Widget</Filter>
    </QtMoc>
    <QtMoc Include="Widget\CommonWidget.h">
      <Filter>Widget</Filter>
    </QtMoc>
    <QtMoc Include="Widget\CurveSquare.h">
      <Filter>Widget</Filter>
    </QtMoc>
    <QtMoc Include="Widget\CurvesWidget.h">
      <Filter>Widget</Filter>
    </QtMoc>
    <QtMoc Include="Widget\HistogramWidget.h">
      <Filter>Widget</Filter>
    </QtMoc>
    <QtMoc Include="Widget\LevelsWidget.h">
      <Filter>Widget</Filter>
    </QtMoc>
    <QtMoc Include="Widget\ToolBoxWidget.h">
      <Filter>Widget</Filter>
    </QtMoc>
    <QtMoc Include="Widget\ColorButton.h">
      <Filter>Widget</Filter>
    </QtMoc>
    <QtMoc Include="Widget\DiagramTextItem.h">
      <Filter>Widget</Filter>
    </QtMoc>
    <QtMoc Include="Widget\DiagramItem.h">
      <Filter>Widget</Filter>
    </QtMoc>
    <QtMoc Include="Widget\DiagramLineItem.h">
      <Filter>Widget</Filter>
    </QtMoc>
    <QtMoc Include="Widget\RawParameterDialog.h">
      <Filter>Widget</Filter>
    </QtMoc>
    <QtMoc Include="Core\Document.h">
      <Filter>Core</Filter>
    </QtMoc>
    <QtMoc Include="Core\GraphicsScene.h">
      <Filter>Core</Filter>
    </QtMoc>
    <QtMoc Include="Core\GraphicsView.h">
      <Filter>Core</Filter>
    </QtMoc>
    <QtMoc Include="Core\mainwindow.h">
      <Filter>Core</Filter>
    </QtMoc>
    <QtMoc Include="Core\ToolBar.h">
      <Filter>Core</Filter>
    </QtMoc>
    <QtMoc Include="Core\ToolButton.h">
      <Filter>Core</Filter>
    </QtMoc>
    <QtMoc Include="Core\View.h">
      <Filter>Core</Filter>
    </QtMoc>
    <QtMoc Include="Core\PluginInterface.h">
      <Filter>Core</Filter>
    </QtMoc>
    <QtMoc Include="Notification\NotificationLayout.h">
      <Filter>Notification</Filter>
    </QtMoc>
    <QtMoc Include="Notification\NotificationWidget.h">
      <Filter>Notification</Filter>
    </QtMoc>
    <QtMoc Include="Widget\SettingsDialog.h">
      <Filter>Widget</Filter>
    </QtMoc>
  </ItemGroup>
  <ItemGroup>
    <ClInclude Include="Image\BaseImage.h">
      <Filter>Image</Filter>
    </ClInclude>
    <ClInclude Include="Image\Dataheader.h">
      <Filter>Image</Filter>
    </ClInclude>
    <ClInclude Include="Image\GeneralImage.h">
      <Filter>Image</Filter>
    </ClInclude>
    <ClInclude Include="Image\ScanImage.h">
      <Filter>Image</Filter>
    </ClInclude>
    <ClInclude Include="Widget\Peg.h">
      <Filter>Widget</Filter>
    </ClInclude>
    <ClInclude Include="Widget\WidgetManager.h">
      <Filter>Widget</Filter>
    </ClInclude>
    <ClInclude Include="Image\DicomImage.h">
      <Filter>Image</Filter>
    </ClInclude>
    <ClInclude Include="Image\ImageDataTemplate.h">
      <Filter>Image</Filter>
    </ClInclude>
    <ClInclude Include="Image\ImageData.h">
      <Filter>Image</Filter>
    </ClInclude>
    <ClInclude Include="Image\MonoImage.h">
      <Filter>Image</Filter>
    </ClInclude>
    <ClInclude Include="Processor\BaseProcessor.h">
      <Filter>Processor</Filter>
    </ClInclude>
    <ClInclude Include="Processor\CommonProcessor.h">
      <Filter>Processor</Filter>
    </ClInclude>
    <ClInclude Include="Processor\CurvesProcessor.h">
      <Filter>Processor</Filter>
    </ClInclude>
    <ClInclude Include="Processor\HistogramProcessor.h">
      <Filter>Processor</Filter>
    </ClInclude>
    <ClInclude Include="Processor\InverseProcessor.h">
      <Filter>Processor</Filter>
    </ClInclude>
    <ClInclude Include="Processor\LevelsProcessor.h">
      <Filter>Processor</Filter>
    </ClInclude>
    <ClInclude Include="Image\RawImage.h">
      <Filter>Image</Filter>
    </ClInclude>
    <ClInclude Include="Core\GlobalFunc.h">
      <Filter>Core</Filter>
    </ClInclude>
    <ClInclude Include="Core\MouseHandler.h">
      <Filter>Core</Filter>
    </ClInclude>
    <ClInclude Include="Core\UndoSystem.h">
      <Filter>Core</Filter>
    </ClInclude>
  </ItemGroup>
  <ItemGroup>
    <None Include="novaimage_zh.ts">
      <Filter>Translation Files</Filter>
    </None>
  </ItemGroup>
</Project>